
Microsoft Visual Studio Solution File, Format Version 12.00
# Visual Studio Version 16
VisualStudioVersion = 16.0.31515.178
MinimumVisualStudioVersion = 10.0.40219.1
Project("{FAE04EC0-301F-11D3-BF4B-00C04F79EFBC}") = "FirstStepDemo", "FirstStepDemo.csproj", "{A59EC09C-3233-46DD-8C84-8369D7598800}"
EndProject
Global
	GlobalSection(SolutionConfigurationPlatforms) = preSolution
		Debug|Any CPU = Debug|Any CPU
		Release|Any CPU = Release|Any CPU
	EndGlobalSection
	GlobalSection(ProjectConfigurationPlatforms) = postSolution
		{A59EC09C-3233-46DD-8C84-8369D7598800}.Debug|Any CPU.ActiveCfg = Debug|Any CPU
		{A59EC09C-3233-46DD-8C84-8369D7598800}.Debug|Any CPU.Build.0 = Debug|Any CPU
		{A59EC09C-3233-46DD-8C84-8369D7598800}.Release|Any CPU.ActiveCfg = Release|Any CPU
		{A59EC09C-3233-46DD-8C84-8369D7598800}.Release|Any CPU.Build.0 = Release|Any CPU
	EndGlobalSection
	GlobalSection(SolutionProperties) = preSolution
		HideSolutionNode = FALSE
	EndGlobalSection
	GlobalSection(ExtensibilityGlobals) = postSolution
		SolutionGuid = {D2F79DF1-2D86-4113-ACBF-96464888F93C}
	EndGlobalSection
EndGlobal
